
Microsoft Visual Studio Solution File, Format Version 12.00
# Visual Studio 15
VisualStudioVersion = 15.0.28010.2026
MinimumVisualStudioVersion = 10.0.40219.1
Project("{FAE04EC0-301F-11D3-BF4B-00C04F79EFBC}") = "WizardLoafVisualEditor", "WizardLoafVisualEditor\WizardLoafVisualEditor.csproj", "{F907D464-68D3-4EAA-851D-D9B1DF42333B}"
EndProject
Global
	GlobalSection(SolutionConfigurationPlatforms) = preSolution
		Debug|Any CPU = Debug|Any CPU
		Release|Any CPU = Release|Any CPU
	EndGlobalSection
	GlobalSection(ProjectConfigurationPlatforms) = postSolution
		{F907D464-68D3-4EAA-851D-D9B1DF42333B}.Debug|Any CPU.ActiveCfg = Debug|Any CPU
		{F907D464-68D3-4EAA-851D-D9B1DF42333B}.Debug|Any CPU.Build.0 = Debug|Any CPU
		{F907D464-68D3-4EAA-851D-D9B1DF42333B}.Release|Any CPU.ActiveCfg = Release|Any CPU
		{F907D464-68D3-4EAA-851D-D9B1DF42333B}.Release|Any CPU.Build.0 = Release|Any CPU
	EndGlobalSection
	GlobalSection(SolutionProperties) = preSolution
		HideSolutionNode = FALSE
	EndGlobalSection
	GlobalSection(ExtensibilityGlobals) = postSolution
		SolutionGuid = {8451DFA0-EFFD-4AE2-AB3D-2557E262E87A}
	EndGlobalSection
EndGlobal
